// !$*UTF8*$!
{
	archiveVersion = 1;
	classes = {
	};
	objectVersion = 46;
	objects = {

/* Begin PBXBuildFile section */
		33F3C9181A68C3ED002A4EDB /* main.c in Sources */ = {isa = PBXBuildFile; fileRef = 33F3C9171A68C3ED002A4EDB /* main.c */; };
/* End PBXBuildFile section */

/* Begin PBXCopyFilesBuildPhase section */
		33F3C9121A68C3ED002A4EDB /* CopyFiles */ = {
			isa = PBXCopyFilesBuildPhase;
			buildActionMask = 2147483647;
			dstPath = /usr/share/man/man1/;
			dstSubfolderSpec = 0;
			files = (
			);
			runOnlyForDeploymentPostprocessing = 1;
		};
/* End PBXCopyFilesBuildPhase section */

/* Begin PBXFileReference section */
		33F3C9141A68C3ED002A4EDB /* linear_search */ = {isa = PBXFileReference; explicitFileType = "compiled.mach-o.executable"; includeInIndex = 0; path = linear_search; sourceTree = BUILT_PRODUCTS_DIR; };
		33F3C9171A68C3ED002A4EDB /* main.c */ = {isa = PBXFileReference; lastKnownFileType = sourcecode.c.c; path = main.c; sourceTree = "<group>"; };
/* End PBXFileReference section */

/* Begin PBXFrameworksBuildPhase section */
		33F3C9111A68C3ED002A4EDB /* Frameworks */ = {
			isa = PBXFrameworksBuildPhase;
			buildActionMask = 2147483647;
			files = (
			);
			runOnlyForDeploymentPostprocessing = 0;
		};
/* End PBXFrameworksBuildPhase section */

/* Begin PBXGroup section */
		33F3C90B1A68C3ED002A4EDB = {
			isa = PBXGroup;
			children = (
				33F3C9161A68C3ED002A4EDB /* linear_search */,
				33F3C9151A68C3ED002A4EDB /* Products */,
			);
			sourceTree = "<group>";
		};
		33F3C9151A68C3ED002A4EDB /* Products */ = {
			isa = PBXGroup;
			children = (
				33F3C9141A68C3ED002A4EDB /* linear_search */,
			);
			name = Products;
			sourceTree = "<group>";
		};
		33F3C9161A68C3ED002A4EDB /* linear_search */ = {
			isa = PBXGroup;
			children = (
				33F3C9171A68C3ED002A4EDB /* main.c */,
			);
			path = linear_search;
			sourceTree = "<group>";
		};
/* End PBXGroup section */

/* Begin PBXNativeTarget section */
		33F3C9131A68C3ED002A4EDB /* linear_search */ = {
			isa = PBXNativeTarget;
			buildConfigurationList = 33F3C91B1A68C3ED002A4EDB /* Build configuration list for PBXNativeTarget "linear_search" */;
			buildPhases = (
				33F3C9101A68C3ED002A4EDB /* Sources */,
				33F3C9111A68C3ED002A4EDB /* Frameworks */,
				33F3C9121A68C3ED002A4EDB /* CopyFiles */,
			);
			buildRules = (
			);
			dependencies = (
			);
			name = linear_search;
			productName = linear_search;
			productReference = 33F3C9141A68C3ED002A4EDB /* linear_search */;
			productType = "com.apple.product-type.tool";
		};
/* End PBXNativeTarget section */

/* Begin PBXProject section */
		33F3C90C1A68C3ED002A4EDB /* Project object */ = {
			isa = PBXProject;
			attributes = {
				LastUpgradeCheck = 0610;
				ORGANIZATIONNAME = KKCPP;
				TargetAttributes = {
					33F3C9131A68C3ED002A4EDB = {
						CreatedOnToolsVersion = 6.1.1;
					};
				};
			};
			buildConfigurationList = 33F3C90F1A68C3ED002A4EDB /* Build configuration list for PBXProject "linear_search" */;
			compatibilityVersion = "Xcode 3.2";
			developmentRegion = English;
			hasScannedForEncodings = 0;
			knownRegions = (
				en,
			);
			mainGroup = 33F3C90B1A68C3ED002A4EDB;
			productRefGroup = 33F3C9151A68C3ED002A4EDB /* Products */;
			projectDirPath = "";
			projectRoot = "";
			targets = (
				33F3C9131A68C3ED002A4EDB /* linear_search */,
			);
		};
/* End PBXProject section */

/* Begin PBXSourcesBuildPhase section */
		33F3C9101A68C3ED002A4EDB /* Sources */ = {
			isa = PBXSourcesBuildPhase;
			buildActionMask = 2147483647;
			files = (
				33F3C9181A68C3ED002A4EDB /* main.c in Sources */,
			);
			runOnlyForDeploymentPostprocessing = 0;
		};
/* End PBXSourcesBuildPhase section */

/* Begin XCBuildConfiguration section */
		33F3C9191A68C3ED002A4EDB /* Debug */ = {
			isa = XCBuildConfiguration;
			buildSettings = {
				ALWAYS_SEARCH_USER_PATHS = NO;
				CLANG_CXX_LANGUAGE_STANDARD = "gnu++0x";
				CLANG_CXX_LIBRARY = "libc++";
				CLANG_ENABLE_MODULES = YES;
				CLANG_ENABLE_OBJC_ARC = YES;
				CLANG_WARN_BOOL_CONVERSION = YES;
				CLANG_WARN_CONSTANT_CONVERSION = YES;
				CLANG_WARN_DIRECT_OBJC_ISA_USAGE = YES_ERROR;
				CLANG_WARN_EMPTY_BODY = YES;
				CLANG_WARN_ENUM_CONVERSION = YES;
				CLANG_WARN_INT_CONVERSION = YES;
				CLANG_WARN_OBJC_ROOT_CLASS = YES_ERROR;
				CLANG_WARN_UNREACHABLE_CODE = YES;
				CLANG_WARN__DUPLICATE_METHOD_MATCH = YES;
				COPY_PHASE_STRIP = NO;
				ENABLE_STRICT_OBJC_MSGSEND = YES;
				GCC_C_LANGUAGE_STANDARD = gnu99;
				GCC_DYNAMIC_NO_PIC = NO;
				GCC_OPTIMIZATION_LEVEL = 0;
				GCC_PREPROCESSOR_DEFINITIONS = (
					"DEBUG=1",
					"$(inherited)",
				);
				GCC_SYMBOLS_PRIVATE_EXTERN = NO;
				GCC_WARN_64_TO_32_BIT_CONVERSION = YES;
				GCC_WARN_ABOUT_RETURN_TYPE = YES_ERROR;
				GCC_WARN_UNDECLARED_SELECTOR = YES;
				GCC_WARN_UNINITIALIZED_AUTOS = YES_AGGRESSIVE;
				GCC_WARN_UNUSED_FUNCTION = YES;
				GCC_WARN_UNUSED_VARIABLE = YES;
				MACOSX_DEPLOYMENT_TARGET = 10.10;
				MTL_ENABLE_DEBUG_INFO = YES;
				ONLY_ACTIVE_ARCH = YES;
				SDKROOT = macosx;
			};
			name = Debug;
		};
		33F3C91A1A68C3ED002A4EDB /* Release */ = {
			isa = XCBuildConfiguration;
			buildSettings = {
				ALWAYS_SEARCH_USER_PATHS = NO;
				CLANG_CXX_LANGUAGE_STANDARD = "gnu++0x";
				CLANG_CXX_LIBRARY = "libc++";
				CLANG_ENABLE_MODULES = YES;
				CLANG_ENABLE_OBJC_ARC = YES;
				CLANG_WARN_BOOL_CONVERSION = YES;
				CLANG_WARN_CONSTANT_CONVERSION = YES;
				CLANG_WARN_DIRECT_OBJC_ISA_USAGE = YES_ERROR;
				CLANG_WARN_EMPTY_BODY = YES;
				CLANG_WARN_ENUM_CONVERSION = YES;
				CLANG_WARN_INT_CONVERSION = YES;
				CLANG_WARN_OBJC_ROOT_CLASS = YES_ERROR;
				CLANG_WARN_UNREACHABLE_CODE = YES;
				CLANG_WARN__DUPLICATE_METHOD_MATCH = YES;
				COPY_PHASE_STRIP = YES;
				DEBUG_INFORMATION_FORMAT = "dwarf-with-dsym";
				ENABLE_NS_ASSERTIONS = NO;
				ENABLE_STRICT_OBJC_MSGSEND = YES;
				GCC_C_LANGUAGE_STANDARD = gnu99;
				GCC_WARN_64_TO_32_BIT_CONVERSION = YES;
				GCC_WARN_ABOUT_RETURN_TYPE = YES_ERROR;
				GCC_WARN_UNDECLARED_SELECTOR = YES;
				GCC_WARN_UNINITIALIZED_AUTOS = YES_AGGRESSIVE;
				GCC_WARN_UNUSED_FUNCTION = YES;
				GCC_WARN_UNUSED_VARIABLE = YES;
				MACOSX_DEPLOYMENT_TARGET = 10.10;
				MTL_ENABLE_DEBUG_INFO = NO;
				SDKROOT = macosx;
			};
			name = Release;
		};
		33F3C91C1A68C3ED002A4EDB /* Debug */ = {
			isa = XCBuildConfiguration;
			buildSettings = {
				PRODUCT_NAME = "$(TARGET_NAME)";
			};
			name = Debug;
		};
		33F3C91D1A68C3ED002A4EDB /* Release */ = {
			isa = XCBuildConfiguration;
			buildSettings = {
				PRODUCT_NAME = "$(TARGET_NAME)";
			};
			name = Release;
		};
/* End XCBuildConfiguration section */

/* Begin XCConfigurationList section */
		33F3C90F1A68C3ED002A4EDB /* Build configuration list for PBXProject "linear_search" */ = {
			isa = XCConfigurationList;
			buildConfigurations = (
				33F3C9191A68C3ED002A4EDB /* Debug */,
				33F3C91A1A68C3ED002A4EDB /* Release */,
			);
			defaultConfigurationIsVisible = 0;
			defaultConfigurationName = Release;
		};
		33F3C91B1A68C3ED002A4EDB /* Build configuration list for PBXNativeTarget "linear_search" */ = {
			isa = XCConfigurationList;
			buildConfigurations = (
				33F3C91C1A68C3ED002A4EDB /* Debug */,
				33F3C91D1A68C3ED002A4EDB /* Release */,
			);
			defaultConfigurationIsVisible = 0;
		};
/* End XCConfigurationList section */
	};
	rootObject = 33F3C90C1A68C3ED002A4EDB /* Project object */;
}
